github.com/bufbuild/protovalidate v1.0.0 h1:Qiw62wG44RmwE/KyZKq8H+leJO98//Gf2wCsoqvFas0=
github.com/googleapis/googleapis v0.0.0-20260713095144-2c4dd791cc44104f1fdc49b4cbdadb160772b11e h1:9cN4/lcjwwcul8hjRRvRMJO9/Y9j0SGGZ39LTz7LKa4=
github.com/grpc-ecosystem/grpc-gateway v2.27.3 h1:ULnvpgo/588SeVScxdehtCfMPzw1YSbSdXEhE/IgJww=
